
Microsoft Visual Studio Solution File, Format Version 12.00
# Visual Studio Version 16
VisualStudioVersion = 16.0.33801.447
MinimumVisualStudioVersion = 10.0.40219.1
Project("{FAE04EC0-301F-11D3-BF4B-00C04F79EFBC}") = "CarInsurance3", "CarInsurance3\CarInsurance3.csproj", "{53388E70-DB97-42C9-A10F-CB679550B6DF}"
EndProject
Global
	GlobalSection(SolutionConfigurationPlatforms) = preSolution
		Debug|Any CPU = Debug|Any CPU
		Release|Any CPU = Release|Any CPU
	EndGlobalSection
	GlobalSection(ProjectConfigurationPlatforms) = postSolution
		{53388E70-DB97-42C9-A10F-CB679550B6DF}.Debug|Any CPU.ActiveCfg = Debug|Any CPU
		{53388E70-DB97-42C9-A10F-CB679550B6DF}.Debug|Any CPU.Build.0 = Debug|Any CPU
		{53388E70-DB97-42C9-A10F-CB679550B6DF}.Release|Any CPU.ActiveCfg = Release|Any CPU
		{53388E70-DB97-42C9-A10F-CB679550B6DF}.Release|Any CPU.Build.0 = Release|Any CPU
	EndGlobalSection
	GlobalSection(SolutionProperties) = preSolution
		HideSolutionNode = FALSE
	EndGlobalSection
	GlobalSection(ExtensibilityGlobals) = postSolution
		SolutionGuid = {20FFC1EB-8E40-4150-BA2C-4A20FB38C434}
	EndGlobalSection
EndGlobal
